// !$*UTF8*$!
{
	archiveVersion = 1;
	classes = {
	};
	objectVersion = 50;
	objects = {

/* Begin PBXBuildFile section */
		04F15C1020D99F09006965E7 /* Utilities.swift in Sources */ = {isa = PBXBuildFile; fileRef = 04F15C0F20D99F09006965E7 /* Utilities.swift */; };
		04F4D53820D9A54A006B1FC2 /* DeviceListVC.swift in Sources */ = {isa = PBXBuildFile; fileRef = 04F4D53720D9A54A006B1FC2 /* DeviceListVC.swift */; };
		04F4D53B20D9A5C0006B1FC2 /* ServicesVC.swift in Sources */ = {isa = PBXBuildFile; fileRef = 04F4D53920D9A5C0006B1FC2 /* ServicesVC.swift */; };
		04F4D53C20D9A5C0006B1FC2 /* ServicesVC.xib in Resources */ = {isa = PBXBuildFile; fileRef = 04F4D53A20D9A5C0006B1FC2 /* ServicesVC.xib */; };
		DBACACE020D95E1200D1E58E /* AppDelegate.swift in Sources */ = {isa = PBXBuildFile; fileRef = DBACACDF20D95E1200D1E58E /* AppDelegate.swift */; };
		DBACACE720D95E1400D1E58E /* Assets.xcassets in Resources */ = {isa = PBXBuildFile; fileRef = DBACACE620D95E1400D1E58E /* Assets.xcassets */; };
		DBACACEA20D95E1400D1E58E /* LaunchScreen.storyboard in Resources */ = {isa = PBXBuildFile; fileRef = DBACACE820D95E1400D1E58E /* LaunchScreen.storyboard */; };
		DBACACF220D95E2E00D1E58E /* DeviceListVC.xib in Resources */ = {isa = PBXBuildFile; fileRef = DBACACF120D95E2E00D1E58E /* DeviceListVC.xib */; };
		DBACACF420D95F0D00D1E58E /* DeviceManager.swift in Sources */ = {isa = PBXBuildFile; fileRef = DBACACF320D95F0D00D1E58E /* DeviceManager.swift */; };
		DBACACF720DA41D400D1E58E /* DeviceCell.swift in Sources */ = {isa = PBXBuildFile; fileRef = DBACACF520DA41D400D1E58E /* DeviceCell.swift */; };
		DBACACF820DA41D400D1E58E /* DeviceCell.xib in Resources */ = {isa = PBXBuildFile; fileRef = DBACACF620DA41D400D1E58E /* DeviceCell.xib */; };
		DBACACFD20DA74EF00D1E58E /* CharacteristicsVC.swift in Sources */ = {isa = PBXBuildFile; fileRef = DBACACFB20DA74EF00D1E58E /* CharacteristicsVC.swift */; };
		DBACACFE20DA74EF00D1E58E /* CharacteristicsVC.xib in Resources */ = {isa = PBXBuildFile; fileRef = DBACACFC20DA74EF00D1E58E /* CharacteristicsVC.xib */; };
/* End PBXBuildFile section */

/* Begin PBXFileReference section */
		04F15C0F20D99F09006965E7 /* Utilities.swift */ = {isa = PBXFileReference; lastKnownFileType = sourcecode.swift; path = Utilities.swift; sourceTree = "<group>"; };
		04F4D53720D9A54A006B1FC2 /* DeviceListVC.swift */ = {isa = PBXFileReference; fileEncoding = 4; lastKnownFileType = sourcecode.swift; path = DeviceListVC.swift; sourceTree = "<group>"; };
		04F4D53920D9A5C0006B1FC2 /* ServicesVC.swift */ = {isa = PBXFileReference; lastKnownFileType = sourcecode.swift; path = ServicesVC.swift; sourceTree = "<group>"; };
		04F4D53A20D9A5C0006B1FC2 /* ServicesVC.xib */ = {isa = PBXFileReference; lastKnownFileType = file.xib; path = ServicesVC.xib; sourceTree = "<group>"; };
		DBACACDC20D95E1200D1E58E /* BluetoothExample.app */ = {isa = PBXFileReference; explicitFileType = wrapper.application; includeInIndex = 0; path = BluetoothExample.app; sourceTree = BUILT_PRODUCTS_DIR; };
		DBACACDF20D95E1200D1E58E /* AppDelegate.swift */ = {isa = PBXFileReference; lastKnownFileType = sourcecode.swift; path = AppDelegate.swift; sourceTree = "<group>"; };
		DBACACE620D95E1400D1E58E /* Assets.xcassets */ = {isa = PBXFileReference; lastKnownFileType = folder.assetcatalog; path = Assets.xcassets; sourceTree = "<group>"; };
		DBACACE920D95E1400D1E58E /* Base */ = {isa = PBXFileReference; lastKnownFileType = file.storyboard; name = Base; path = Base.lproj/LaunchScreen.storyboard; sourceTree = "<group>"; };
		DBACACEB20D95E1500D1E58E /* Info.plist */ = {isa = PBXFileReference; lastKnownFileType = text.plist.xml; path = Info.plist; sourceTree = "<group>"; };
		DBACACF120D95E2E00D1E58E /* DeviceListVC.xib */ = {isa = PBXFileReference; lastKnownFileType = file.xib; path = DeviceListVC.xib; sourceTree = "<group>"; };
		DBACACF320D95F0D00D1E58E /* DeviceManager.swift */ = {isa = PBXFileReference; fileEncoding = 4; lastKnownFileType = sourcecode.swift; path = DeviceManager.swift; sourceTree = "<group>"; };
		DBACACF520DA41D400D1E58E /* DeviceCell.swift */ = {isa = PBXFileReference; lastKnownFileType = sourcecode.swift; path = DeviceCell.swift; sourceTree = "<group>"; };
		DBACACF620DA41D400D1E58E /* DeviceCell.xib */ = {isa = PBXFileReference; lastKnownFileType = file.xib; path = DeviceCell.xib; sourceTree = "<group>"; };
		DBACACFB20DA74EF00D1E58E /* CharacteristicsVC.swift */ = {isa = PBXFileReference; lastKnownFileType = sourcecode.swift; path = CharacteristicsVC.swift; sourceTree = "<group>"; };
		DBACACFC20DA74EF00D1E58E /* CharacteristicsVC.xib */ = {isa = PBXFileReference; lastKnownFileType = file.xib; path = CharacteristicsVC.xib; sourceTree = "<group>"; };
/* End PBXFileReference section */

/* Begin PBXFrameworksBuildPhase section */
		DBACACD920D95E1200D1E58E /* Frameworks */ = {
			isa = PBXFrameworksBuildPhase;
			buildActionMask = 2147483647;
			files = (
			);
			runOnlyForDeploymentPostprocessing = 0;
		};
/* End PBXFrameworksBuildPhase section */

/* Begin PBXGroup section */
		DBACACD320D95E1200D1E58E = {
			isa = PBXGroup;
			children = (
				DBACACDE20D95E1200D1E58E /* BluetoothExample */,
				DBACACDD20D95E1200D1E58E /* Products */,
			);
			sourceTree = "<group>";
		};
		DBACACDD20D95E1200D1E58E /* Products */ = {
			isa = PBXGroup;
			children = (
				DBACACDC20D95E1200D1E58E /* BluetoothExample.app */,
			);
			name = Products;
			sourceTree = "<group>";
		};
		DBACACDE20D95E1200D1E58E /* BluetoothExample */ = {
			isa = PBXGroup;
			children = (
				DBACACDF20D95E1200D1E58E /* AppDelegate.swift */,
				04F4D53720D9A54A006B1FC2 /* DeviceListVC.swift */,
				DBACACF120D95E2E00D1E58E /* DeviceListVC.xib */,
				04F4D53920D9A5C0006B1FC2 /* ServicesVC.swift */,
				04F4D53A20D9A5C0006B1FC2 /* ServicesVC.xib */,
				DBACACFB20DA74EF00D1E58E /* CharacteristicsVC.swift */,
				DBACACFC20DA74EF00D1E58E /* CharacteristicsVC.xib */,
				DBACACFA20DA4C2700D1E58E /* Helper */,
				DBACACF920DA4C1F00D1E58E /* Cell */,
				DBACACE620D95E1400D1E58E /* Assets.xcassets */,
				DBACACE820D95E1400D1E58E /* LaunchScreen.storyboard */,
				DBACACEB20D95E1500D1E58E /* Info.plist */,
			);
			path = BluetoothExample;
			sourceTree = "<group>";
		};
		DBACACF920DA4C1F00D1E58E /* Cell */ = {
			isa = PBXGroup;
			children = (
				DBACACF520DA41D400D1E58E /* DeviceCell.swift */,
				DBACACF620DA41D400D1E58E /* DeviceCell.xib */,
			);
			path = Cell;
			sourceTree = "<group>";
		};
		DBACACFA20DA4C2700D1E58E /* Helper */ = {
			isa = PBXGroup;
			children = (
				DBACACF320D95F0D00D1E58E /* DeviceManager.swift */,
				04F15C0F20D99F09006965E7 /* Utilities.swift */,
			);
			path = Helper;
			sourceTree = "<group>";
		};
/* End PBXGroup section */

/* Begin PBXNativeTarget section */
		DBACACDB20D95E1200D1E58E /* BluetoothExample */ = {
			isa = PBXNativeTarget;
			buildConfigurationList = DBACACEE20D95E1500D1E58E /* Build configuration list for PBXNativeTarget "BluetoothExample" */;
			buildPhases = (
				DBACACD820D95E1200D1E58E /* Sources */,
				DBACACD920D95E1200D1E58E /* Frameworks */,
				DBACACDA20D95E1200D1E58E /* Resources */,
			);
			buildRules = (
			);
			dependencies = (
			);
			name = BluetoothExample;
			productName = BluetoothExample;
			productReference = DBACACDC20D95E1200D1E58E /* BluetoothExample.app */;
			productType = "com.apple.product-type.application";
		};
/* End PBXNativeTarget section */

/* Begin PBXProject section */
		DBACACD420D95E1200D1E58E /* Project object */ = {
			isa = PBXProject;
			attributes = {
				LastSwiftUpdateCheck = 1000;
				LastUpgradeCheck = 1000;
				ORGANIZATIONNAME = Identitat;
				TargetAttributes = {
					DBACACDB20D95E1200D1E58E = {
						CreatedOnToolsVersion = 10.0;
					};
				};
			};
			buildConfigurationList = DBACACD720D95E1200D1E58E /* Build configuration list for PBXProject "BluetoothExample" */;
			compatibilityVersion = "Xcode 9.3";
			developmentRegion = en;
			hasScannedForEncodings = 0;
			knownRegions = (
				en,
				Base,
			);
			mainGroup = DBACACD320D95E1200D1E58E;
			productRefGroup = DBACACDD20D95E1200D1E58E /* Products */;
			projectDirPath = "";
			projectRoot = "";
			targets = (
				DBACACDB20D95E1200D1E58E /* BluetoothExample */,
			);
		};
/* End PBXProject section */

/* Begin PBXResourcesBuildPhase section */
		DBACACDA20D95E1200D1E58E /* Resources */ = {
			isa = PBXResourcesBuildPhase;
			buildActionMask = 2147483647;
			files = (
				04F4D53C20D9A5C0006B1FC2 /* ServicesVC.xib in Resources */,
				DBACACEA20D95E1400D1E58E /* LaunchScreen.storyboard in Resources */,
				DBACACF220D95E2E00D1E58E /* DeviceListVC.xib in Resources */,
				DBACACFE20DA74EF00D1E58E /* CharacteristicsVC.xib in Resources */,
				DBACACE720D95E1400D1E58E /* Assets.xcassets in Resources */,
				DBACACF820DA41D400D1E58E /* DeviceCell.xib in Resources */,
			);
			runOnlyForDeploymentPostprocessing = 0;
		};
/* End PBXResourcesBuildPhase section */

/* Begin PBXSourcesBuildPhase section */
		DBACACD820D95E1200D1E58E /* Sources */ = {
			isa = PBXSourcesBuildPhase;
			buildActionMask = 2147483647;
			files = (
				04F15C1020D99F09006965E7 /* Utilities.swift in Sources */,
				04F4D53B20D9A5C0006B1FC2 /* ServicesVC.swift in Sources */,
				DBACACF420D95F0D00D1E58E /* DeviceManager.swift in Sources */,
				04F4D53820D9A54A006B1FC2 /* DeviceListVC.swift in Sources */,
				DBACACE020D95E1200D1E58E /* AppDelegate.swift in Sources */,
				DBACACFD20DA74EF00D1E58E /* CharacteristicsVC.swift in Sources */,
				DBACACF720DA41D400D1E58E /* DeviceCell.swift in Sources */,
			);
			runOnlyForDeploymentPostprocessing = 0;
		};
/* End PBXSourcesBuildPhase section */

/* Begin PBXVariantGroup section */
		DBACACE820D95E1400D1E58E /* LaunchScreen.storyboard */ = {
			isa = PBXVariantGroup;
			children = (
				DBACACE920D95E1400D1E58E /* Base */,
			);
			name = LaunchScreen.storyboard;
			sourceTree = "<group>";
		};
/* End PBXVariantGroup section */

/* Begin XCBuildConfiguration section */
		DBACACEC20D95E1500D1E58E /* Debug */ = {
			isa = XCBuildConfiguration;
			buildSettings = {
				ALWAYS_SEARCH_USER_PATHS = NO;
				CLANG_ANALYZER_NONNULL = YES;
				CLANG_ANALYZER_NUMBER_OBJECT_CONVERSION = YES_AGGRESSIVE;
				CLANG_CXX_LANGUAGE_STANDARD = "gnu++14";
				CLANG_CXX_LIBRARY = "libc++";
				CLANG_ENABLE_MODULES = YES;
				CLANG_ENABLE_OBJC_ARC = YES;
				CLANG_ENABLE_OBJC_WEAK = YES;
				CLANG_WARN_BLOCK_CAPTURE_AUTORELEASING = YES;
				CLANG_WARN_BOOL_CONVERSION = YES;
				CLANG_WARN_COMMA = YES;
				CLANG_WARN_CONSTANT_CONVERSION = YES;
				CLANG_WARN_DEPRECATED_OBJC_IMPLEMENTATIONS = YES;
				CLANG_WARN_DIRECT_OBJC_ISA_USAGE = YES_ERROR;
				CLANG_WARN_DOCUMENTATION_COMMENTS = YES;
				CLANG_WARN_EMPTY_BODY = YES;
				CLANG_WARN_ENUM_CONVERSION = YES;
				CLANG_WARN_INFINITE_RECURSION = YES;
				CLANG_WARN_INT_CONVERSION = YES;
				CLANG_WARN_NON_LITERAL_NULL_CONVERSION = YES;
				CLANG_WARN_OBJC_IMPLICIT_RETAIN_SELF = YES;
				CLANG_WARN_OBJC_LITERAL_CONVERSION = YES;
				CLANG_WARN_OBJC_ROOT_CLASS = YES_ERROR;
				CLANG_WARN_RANGE_LOOP_ANALYSIS = YES;
				CLANG_WARN_STRICT_PROTOTYPES = YES;
				CLANG_WARN_SUSPICIOUS_MOVE = YES;
				CLANG_WARN_UNGUARDED_AVAILABILITY = YES_AGGRESSIVE;
				CLANG_WARN_UNREACHABLE_CODE = YES;
				CLANG_WARN__DUPLICATE_METHOD_MATCH = YES;
				CODE_SIGN_IDENTITY = "iPhone Developer";
				COPY_PHASE_STRIP = NO;
				DEBUG_INFORMATION_FORMAT = dwarf;
				ENABLE_STRICT_OBJC_MSGSEND = YES;
				ENABLE_TESTABILITY = YES;
				GCC_C_LANGUAGE_STANDARD = gnu11;
				GCC_DYNAMIC_NO_PIC = NO;
				GCC_NO_COMMON_BLOCKS = YES;
				GCC_OPTIMIZATION_LEVEL = 0;
				GCC_PREPROCESSOR_DEFINITIONS = (
					"DEBUG=1",
					"$(inherited)",
				);
				GCC_WARN_64_TO_32_BIT_CONVERSION = YES;
				GCC_WARN_ABOUT_RETURN_TYPE = YES_ERROR;
				GCC_WARN_UNDECLARED_SELECTOR = YES;
				GCC_WARN_UNINITIALIZED_AUTOS = YES_AGGRESSIVE;
				GCC_WARN_UNUSED_FUNCTION = YES;
				GCC_WARN_UNUSED_VARIABLE = YES;
				IPHONEOS_DEPLOYMENT_TARGET = 12.0;
				MTL_ENABLE_DEBUG_INFO = INCLUDE_SOURCE;
				ONLY_ACTIVE_ARCH = YES;
				SDKROOT = iphoneos;
				SWIFT_ACTIVE_COMPILATION_CONDITIONS = DEBUG;
				SWIFT_OPTIMIZATION_LEVEL = "-Onone";
			};
			name = Debug;
		};
		DBACACED20D95E1500D1E58E /* Release */ = {
			isa = XCBuildConfiguration;
			buildSettings = {
				ALWAYS_SEARCH_USER_PATHS = NO;
				CLANG_ANALYZER_NONNULL = YES;
				CLANG_ANALYZER_NUMBER_OBJECT_CONVERSION = YES_AGGRESSIVE;
				CLANG_CXX_LANGUAGE_STANDARD = "gnu++14";
				CLANG_CXX_LIBRARY = "libc++";
				CLANG_ENABLE_MODULES = YES;
				CLANG_ENABLE_OBJC_ARC = YES;
				CLANG_ENABLE_OBJC_WEAK = YES;
				CLANG_WARN_BLOCK_CAPTURE_AUTORELEASING = YES;
				CLANG_WARN_BOOL_CONVERSION = YES;
				CLANG_WARN_COMMA = YES;
				CLANG_WARN_CONSTANT_CONVERSION = YES;
				CLANG_WARN_DEPRECATED_OBJC_IMPLEMENTATIONS = YES;
				CLANG_WARN_DIRECT_OBJC_ISA_USAGE = YES_ERROR;
				CLANG_WARN_DOCUMENTATION_COMMENTS = YES;
				CLANG_WARN_EMPTY_BODY = YES;
				CLANG_WARN_ENUM_CONVERSION = YES;
				CLANG_WARN_INFINITE_RECURSION = YES;
				CLANG_WARN_INT_CONVERSION = YES;
				CLANG_WARN_NON_LITERAL_NULL_CONVERSION = YES;
				CLANG_WARN_OBJC_IMPLICIT_RETAIN_SELF = YES;
				CLANG_WARN_OBJC_LITERAL_CONVERSION = YES;
				CLANG_WARN_OBJC_ROOT_CLASS = YES_ERROR;
				CLANG_WARN_RANGE_LOOP_ANALYSIS = YES;
				CLANG_WARN_STRICT_PROTOTYPES = YES;
				CLANG_WARN_SUSPICIOUS_MOVE = YES;
				CLANG_WARN_UNGUARDED_AVAILABILITY = YES_AGGRESSIVE;
				CLANG_WARN_UNREACHABLE_CODE = YES;
				CLANG_WARN__DUPLICATE_METHOD_MATCH = YES;
				CODE_SIGN_IDENTITY = "iPhone Developer";
				COPY_PHASE_STRIP = NO;
				DEBUG_INFORMATION_FORMAT = "dwarf-with-dsym";
				ENABLE_NS_ASSERTIONS = NO;
				ENABLE_STRICT_OBJC_MSGSEND = YES;
				GCC_C_LANGUAGE_STANDARD = gnu11;
				GCC_NO_COMMON_BLOCKS = YES;
				GCC_WARN_64_TO_32_BIT_CONVERSION = YES;
				GCC_WARN_ABOUT_RETURN_TYPE = YES_ERROR;
				GCC_WARN_UNDECLARED_SELECTOR = YES;
				GCC_WARN_UNINITIALIZED_AUTOS = YES_AGGRESSIVE;
				GCC_WARN_UNUSED_FUNCTION = YES;
				GCC_WARN_UNUSED_VARIABLE = YES;
				IPHONEOS_DEPLOYMENT_TARGET = 12.0;
				MTL_ENABLE_DEBUG_INFO = NO;
				SDKROOT = iphoneos;
				SWIFT_COMPILATION_MODE = wholemodule;
				SWIFT_OPTIMIZATION_LEVEL = "-O";
				VALIDATE_PRODUCT = YES;
			};
			name = Release;
		};
		DBACACEF20D95E1500D1E58E /* Debug */ = {
			isa = XCBuildConfiguration;
			buildSettings = {
				ASSETCATALOG_COMPILER_APPICON_NAME = AppIcon;
				CODE_SIGN_IDENTITY = "iPhone Developer";
				CODE_SIGN_STYLE = Automatic;
				DEVELOPMENT_TEAM = PN57WAKKXJ;
				INFOPLIST_FILE = BluetoothExample/Info.plist;
				IPHONEOS_DEPLOYMENT_TARGET = 10.0;
				LD_RUNPATH_SEARCH_PATHS = (
					"$(inherited)",
					"@executable_path/Frameworks",
				);
				PRODUCT_BUNDLE_IDENTIFIER = com.identitat.BluetoothExample;
				PRODUCT_NAME = "$(TARGET_NAME)";
				PROVISIONING_PROFILE_SPECIFIER = "";
				SWIFT_VERSION = 4.2;
				TARGETED_DEVICE_FAMILY = 1;
			};
			name = Debug;
		};
		DBACACF020D95E1500D1E58E /* Release */ = {
			isa = XCBuildConfiguration;
			buildSettings = {
				ASSETCATALOG_COMPILER_APPICON_NAME = AppIcon;
				CODE_SIGN_IDENTITY = "iPhone Developer";
				CODE_SIGN_STYLE = Automatic;
				DEVELOPMENT_TEAM = PN57WAKKXJ;
				INFOPLIST_FILE = BluetoothExample/Info.plist;
				IPHONEOS_DEPLOYMENT_TARGET = 10.0;
				LD_RUNPATH_SEARCH_PATHS = (
					"$(inherited)",
					"@executable_path/Frameworks",
				);
				PRODUCT_BUNDLE_IDENTIFIER = com.identitat.BluetoothExample;
				PRODUCT_NAME = "$(TARGET_NAME)";
				PROVISIONING_PROFILE_SPECIFIER = "";
				SWIFT_VERSION = 4.2;
				TARGETED_DEVICE_FAMILY = 1;
			};
			name = Release;
		};
/* End XCBuildConfiguration section */

/* Begin XCConfigurationList section */
		DBACACD720D95E1200D1E58E /* Build configuration list for PBXProject "BluetoothExample" */ = {
			isa = XCConfigurationList;
			buildConfigurations = (
				DBACACEC20D95E1500D1E58E /* Debug */,
				DBACACED20D95E1500D1E58E /* Release */,
			);
			defaultConfigurationIsVisible = 0;
			defaultConfigurationName = Release;
		};
		DBACACEE20D95E1500D1E58E /* Build configuration list for PBXNativeTarget "BluetoothExample" */ = {
			isa = XCConfigurationList;
			buildConfigurations = (
				DBACACEF20D95E1500D1E58E /* Debug */,
				DBACACF020D95E1500D1E58E /* Release */,
			);
			defaultConfigurationIsVisible = 0;
			defaultConfigurationName = Release;
		};
/* End XCConfigurationList section */
	};
	rootObject = DBACACD420D95E1200D1E58E /* Project object */;
}
